
Microsoft Visual Studio Solution File, Format Version 12.00
# Visual Studio Version 17
VisualStudioVersion = 17.5.002.0
MinimumVisualStudioVersion = 10.0.40219.1
Project("{9A19103F-16F7-4668-BE54-9A1E7A4F7556}") = "Calculadora", "Calculadora\Calculadora.csproj", "{FAF33C19-4663-4F73-A199-4EAB8EA9BFCD}"
EndProject
Project("{9A19103F-16F7-4668-BE54-9A1E7A4F7556}") = "Tests", "Tests\Tests.csproj", "{3DA6B19A-7B07-4AFC-829D-2E45E2390119}"
EndProject
Global
	GlobalSection(SolutionConfigurationPlatforms) = preSolution
		Debug|Any CPU = Debug|Any CPU
		Release|Any CPU = Release|Any CPU
	EndGlobalSection
	GlobalSection(ProjectConfigurationPlatforms) = postSolution
		{FAF33C19-4663-4F73-A199-4EAB8EA9BFCD}.Debug|Any CPU.ActiveCfg = Debug|Any CPU
		{FAF33C19-4663-4F73-A199-4EAB8EA9BFCD}.Debug|Any CPU.Build.0 = Debug|Any CPU
		{FAF33C19-4663-4F73-A199-4EAB8EA9BFCD}.Release|Any CPU.ActiveCfg = Release|Any CPU
		{FAF33C19-4663-4F73-A199-4EAB8EA9BFCD}.Release|Any CPU.Build.0 = Release|Any CPU
		{3DA6B19A-7B07-4AFC-829D-2E45E2390119}.Debug|Any CPU.ActiveCfg = Debug|Any CPU
		{3DA6B19A-7B07-4AFC-829D-2E45E2390119}.Debug|Any CPU.Build.0 = Debug|Any CPU
		{3DA6B19A-7B07-4AFC-829D-2E45E2390119}.Release|Any CPU.ActiveCfg = Release|Any CPU
		{3DA6B19A-7B07-4AFC-829D-2E45E2390119}.Release|Any CPU.Build.0 = Release|Any CPU
	EndGlobalSection
	GlobalSection(SolutionProperties) = preSolution
		HideSolutionNode = FALSE
	EndGlobalSection
	GlobalSection(ExtensibilityGlobals) = postSolution
		SolutionGuid = {19FA8F30-D294-40CD-95E0-C475325D88B6}
	EndGlobalSection
EndGlobal
